lockfileVersion: 5.3

specifiers:
  '@tiptap/core': ^2.0.0-beta.174
  '@tiptap/extension-image': ^2.0.0-beta.27
  '@tiptap/extension-link': ^2.0.0-beta.36
  '@tiptap/extension-placeholder': ^2.0.0-beta.48
  '@tiptap/starter-kit': ^2.0.0-beta.183
  lit: ^2.2.2

dependencies:
  '@tiptap/core': 2.0.0-beta.174
  '@tiptap/extension-image': 2.0.0-beta.27_@tiptap+core@2.0.0-beta.174
  '@tiptap/extension-link': 2.0.0-beta.36_@tiptap+core@2.0.0-beta.174
  '@tiptap/extension-placeholder': 2.0.0-beta.48_@tiptap+core@2.0.0-beta.174
  '@tiptap/starter-kit': 2.0.0-beta.183
  lit: 2.2.2

packages:

  /@lit/reactive-element/1.3.1:
    resolution: {integrity: sha512-nOJARIr3pReqK3hfFCSW2Zg/kFcFsSAlIE7z4a0C9D2dPrgD/YSn3ZP2ET/rxKB65SXyG7jJbkynBRm+tGlacw==}
    dev: false

  /@tiptap/core/2.0.0-beta.174:
    resolution: {integrity: sha512-APQDto40PdvagG1HTwkKlieQS4Vp6GXNe7qgV1Qo2QCgJCLyxc/fXCTghtrOx0CQb+9JT7fjSLZxbSyUFXjx7Q==}
    dependencies:
      '@types/prosemirror-commands': 1.0.4
      '@types/prosemirror-keymap': 1.0.4
      '@types/prosemirror-model': 1.16.1
      '@types/prosemirror-schema-list': 1.0.3
      '@types/prosemirror-state': 1.2.8
      '@types/prosemirror-transform': 1.1.6
      '@types/prosemirror-view': 1.23.1
      prosemirror-commands: 1.2.2
      prosemirror-keymap: 1.1.5
      prosemirror-model: 1.16.1
      prosemirror-schema-list: 1.1.6
      prosemirror-state: 1.3.4
      prosemirror-transform: 1.4.2
      prosemirror-view: 1.23.12
    dev: false

  /@tiptap/extension-blockquote/2.0.0-beta.26_@tiptap+core@2.0.0-beta.174:
    resolution: {integrity: sha512-A6yjcYovONJfOjQFk6vDYXswaCdCtCwjL7w9VTB0R2DLTuJvvRt9DWN0IDcMrj5G+aMgDq4GUUTitv+2Y8krDg==}
    peerDependencies:
      '@tiptap/core': ^2.0.0-beta.1
    dependencies:
      '@tiptap/core': 2.0.0-beta.174
    dev: false

  /@tiptap/extension-bold/2.0.0-beta.26_@tiptap+core@2.0.0-beta.174:
    resolution: {integrity: sha512-pnO0I5sEQM3pmowjMGQ74adLzvc6HqGyLyqMizaGMicPu9uTYlSdId+qckYEEgPwPMaEShtv2Vg+ZHs7KVqfcg==}
    peerDependencies:
      '@tiptap/core': ^2.0.0-beta.1
    dependencies:
      '@tiptap/core': 2.0.0-beta.174
    dev: false

  /@tiptap/extension-bullet-list/2.0.0-beta.26_@tiptap+core@2.0.0-beta.174:
    resolution: {integrity: sha512-1n5HV8gY1tLjPk4x48nva6SZlFHoPlRfF6pqSu9JcJxPO7FUSPxUokuz4swYNe0LRrtykfyNz44dUcxKVhoFow==}
    peerDependencies:
      '@tiptap/core': ^2.0.0-beta.1
    dependencies:
      '@tiptap/core': 2.0.0-beta.174
    dev: false

  /@tiptap/extension-code-block/2.0.0-beta.37_@tiptap+core@2.0.0-beta.174:
    resolution: {integrity: sha512-mJAM+PHaNoKRYwM3D36lZ51/aoPxxvZNQn3UBnZ6G7l0ZJSgB3JvBEzqK6S8nNFeYIIxGwv4QF6vXe4MG9ie2g==}
    peerDependencies:
      '@tiptap/core': ^2.0.0-beta.1
    dependencies:
      '@tiptap/core': 2.0.0-beta.174
      prosemirror-state: 1.3.4
    dev: false

  /@tiptap/extension-code/2.0.0-beta.26_@tiptap+core@2.0.0-beta.174:
    resolution: {integrity: sha512-QcFWdEFfbJ1n5UFFBD17QPPAJ3J5p/b7XV484u0shCzywO7aNPV32QeHy1z0eMoyZtCbOWf6hg/a7Ugv8IwpHw==}
    peerDependencies:
      '@tiptap/core': ^2.0.0-beta.1
    dependencies:
      '@tiptap/core': 2.0.0-beta.174
    dev: false

  /@tiptap/extension-document/2.0.0-beta.15_@tiptap+core@2.0.0-beta.174:
    resolution: {integrity: sha512-ypENC+xUYD5m2t+KOKNYqyXnanXd5fxyIyhR1qeEEwwQwMXGNrO3kCH6O4mIDCpy+/WqHvVay2tV5dVsXnvY8w==}
    peerDependencies:
      '@tiptap/core': ^2.0.0-beta.1
    dependencies:
      '@tiptap/core': 2.0.0-beta.174
    dev: false

  /@tiptap/extension-dropcursor/2.0.0-beta.25_@tiptap+core@2.0.0-beta.174:
    resolution: {integrity: sha512-GYf5s6dkZtsDy+TEkrQK6kLbfbitG4qnk02D+FlhlJMI/Nnx8rYCRJbwEHDdqrfX7XwZzULMqqqHvzxZYrEeNg==}
    peerDependencies:
      '@tiptap/core': ^2.0.0-beta.1
    dependencies:
      '@tiptap/core': 2.0.0-beta.174
      '@types/prosemirror-dropcursor': 1.0.3
      prosemirror-dropcursor: 1.4.0
    dev: false

  /@tiptap/extension-gapcursor/2.0.0-beta.34_@tiptap+core@2.0.0-beta.174:
    resolution: {integrity: sha512-Vm8vMWWQ2kJcUOLfB5CEo5pYgyudI7JeeiZvX9ScPmUmgKVYhEpt3EAICY9pUYJ41aAVH35gZLXkUtsz2f9GHw==}
    peerDependencies:
      '@tiptap/core': ^2.0.0-beta.1
    dependencies:
      '@tiptap/core': 2.0.0-beta.174
      '@types/prosemirror-gapcursor': 1.0.4
      prosemirror-gapcursor: 1.2.2
    dev: false

  /@tiptap/extension-hard-break/2.0.0-beta.30_@tiptap+core@2.0.0-beta.174:
    resolution: {integrity: sha512-X9xj/S+CikrbIE7ccUFVwit5QHEbflnKVxod+4zPwr1cxogFbE9AyLZE2MpYdx3z9LcnTYYi9leBqFrP4T/Olw==}
    peerDependencies:
      '@tiptap/core': ^2.0.0-beta.1
    dependencies:
      '@tiptap/core': 2.0.0-beta.174
    dev: false

  /@tiptap/extension-heading/2.0.0-beta.26_@tiptap+core@2.0.0-beta.174:
    resolution: {integrity: sha512-nR6W/3rjnZH1Swo7tGBoYsmO6xMvu9MGq6jlm3WVHCB7B3CsrRvCkTwGjVIbKTaZC4bQfx5gvAUpQFvwuU+M5w==}
    peerDependencies:
      '@tiptap/core': ^2.0.0-beta.1
    dependencies:
      '@tiptap/core': 2.0.0-beta.174
    dev: false

  /@tiptap/extension-history/2.0.0-beta.21_@tiptap+core@2.0.0-beta.174:
    resolution: {integrity: sha512-0v8Cl30V4dsabdpspLdk+f+lMoIvLFlJN5WRxtc7RRZ5gfJVxPHwooIKdvC51brfh/oJtWFCNMRjhoz0fRaF9A==}
    peerDependencies:
      '@tiptap/core': ^2.0.0-beta.1
    dependencies:
      '@tiptap/core': 2.0.0-beta.174
      '@types/prosemirror-history': 1.0.3
      prosemirror-history: 1.2.0
    dev: false

  /@tiptap/extension-horizontal-rule/2.0.0-beta.31_@tiptap+core@2.0.0-beta.174:
    resolution: {integrity: sha512-MNc4retfjRgkv3qxqGya0+/BEd1Kmn+oMsCRvE+8x3sXyKIse+vdqMuG5qUcA6np0ZD/9hh1riiQ1GQdgc23Ng==}
    peerDependencies:
      '@tiptap/core': ^2.0.0-beta.1
    dependencies:
      '@tiptap/core': 2.0.0-beta.174
      prosemirror-state: 1.3.4
    dev: false

  /@tiptap/extension-image/2.0.0-beta.27_@tiptap+core@2.0.0-beta.174:
    resolution: {integrity: sha512-kdJ7V39yNdVWUco/RBe7WgvFevd81l+pU6+Je9HpelqBBP953wDttzLMuAWQB4AeLv9WhKSlORHiFv2SKsV5NA==}
    peerDependencies:
      '@tiptap/core': ^2.0.0-beta.1
    dependencies:
      '@tiptap/core': 2.0.0-beta.174
    dev: false

  /@tiptap/extension-italic/2.0.0-beta.26_@tiptap+core@2.0.0-beta.174:
    resolution: {integrity: sha512-vejGe2ra4K5ipFOn1U9viqF9X9nPTX8WSJpSOux+9UbKjHpANy7bz69tp66OIi/Wh5L/MMDc+luH/04qfVnpZw==}
    peerDependencies:
      '@tiptap/core': ^2.0.0-beta.1
    dependencies:
      '@tiptap/core': 2.0.0-beta.174
    dev: false

  /@tiptap/extension-link/2.0.0-beta.36_@tiptap+core@2.0.0-beta.174:
    resolution: {integrity: sha512-jV0EBM/QPfR4e5FG5OPHZARnYS+CL8yhCzHO4J1Nb1i/+vRY9QpPVBruZABBwt+J+PMdq6t/6vvIXejCR3wyAg==}
    peerDependencies:
      '@tiptap/core': ^2.0.0-beta.1
    dependencies:
      '@tiptap/core': 2.0.0-beta.174
      linkifyjs: 3.0.5
      prosemirror-model: 1.16.1
      prosemirror-state: 1.3.4
    dev: false

  /@tiptap/extension-list-item/2.0.0-beta.20_@tiptap+core@2.0.0-beta.174:
    resolution: {integrity: sha512-5IPEspJt38t9ROj4xLUesOVEYlTT/R9Skd9meHRxJQZX1qrzBICs5PC/WRIsnexrvTBhdxpYgCYjpvpsJBlKuQ==}
    peerDependencies:
      '@tiptap/core': ^2.0.0-beta.1
    dependencies:
      '@tiptap/core': 2.0.0-beta.174
    dev: false

  /@tiptap/extension-ordered-list/2.0.0-beta.27_@tiptap+core@2.0.0-beta.174:
    resolution: {integrity: sha512-apFDeignxdZb3cA3p1HJu0zw1JgJdBYUBz1r7f99qdNybYuk3I/1MPUvlOuOgvIrBB/wydoyVDP+v9F7QN3tfQ==}
    peerDependencies:
      '@tiptap/core': ^2.0.0-beta.1
    dependencies:
      '@tiptap/core': 2.0.0-beta.174
    dev: false

  /@tiptap/extension-paragraph/2.0.0-beta.23_@tiptap+core@2.0.0-beta.174:
    resolution: {integrity: sha512-VWAxyzecErYWk97Kv/Gkghh97zAQTcaVOisEnYYArZAlyYDaYM48qVssAC/vnRRynP2eQxb1EkppbAxE+bMHAA==}
    peerDependencies:
      '@tiptap/core': ^2.0.0-beta.1
    dependencies:
      '@tiptap/core': 2.0.0-beta.174
    dev: false

  /@tiptap/extension-placeholder/2.0.0-beta.48_@tiptap+core@2.0.0-beta.174:
    resolution: {integrity: sha512-TZNGAHocPoV5DtB8Q5BwQU2uf5vDiwLxbgVHRAIme9P4VsVqa/U1i1TkyN5A5BVdfOzc+E4EOU7cKuyjy7DNyA==}
    peerDependencies:
      '@tiptap/core': ^2.0.0-beta.1
    dependencies:
      '@tiptap/core': 2.0.0-beta.174
      prosemirror-model: 1.16.1
      prosemirror-state: 1.3.4
      prosemirror-view: 1.23.12
    dev: false

  /@tiptap/extension-strike/2.0.0-beta.27_@tiptap+core@2.0.0-beta.174:
    resolution: {integrity: sha512-2dmCgtesuDdivM/54Q+Y6Tc3JbGz1SkHP6c62piuqBiYLWg3xa16zChZOhfN8szbbQlBgLT6XRTDt3c2Ux+Dug==}
    peerDependencies:
      '@tiptap/core': ^2.0.0-beta.1
    dependencies:
      '@tiptap/core': 2.0.0-beta.174
    dev: false

  /@tiptap/extension-text/2.0.0-beta.15_@tiptap+core@2.0.0-beta.174:
    resolution: {integrity: sha512-S3j2+HyV2gsXZP8Wg/HA+YVXQsZ3nrXgBM9HmGAxB0ESOO50l7LWfip0f3qcw1oRlh5H3iLPkA6/f7clD2/TFA==}
    peerDependencies:
      '@tiptap/core': ^2.0.0-beta.1
    dependencies:
      '@tiptap/core': 2.0.0-beta.174
    dev: false

  /@tiptap/starter-kit/2.0.0-beta.183:
    resolution: {integrity: sha512-Lcms6lEfFfdL1oHoATcNKfu1C8+yhuZnI5Pq+U6o2zSslfnUSDf3jgmy6nSoZrrkqvFoXjQk4dxMDFg3giw2Kg==}
    dependencies:
      '@tiptap/core': 2.0.0-beta.174
      '@tiptap/extension-blockquote': 2.0.0-beta.26_@tiptap+core@2.0.0-beta.174
      '@tiptap/extension-bold': 2.0.0-beta.26_@tiptap+core@2.0.0-beta.174
      '@tiptap/extension-bullet-list': 2.0.0-beta.26_@tiptap+core@2.0.0-beta.174
      '@tiptap/extension-code': 2.0.0-beta.26_@tiptap+core@2.0.0-beta.174
      '@tiptap/extension-code-block': 2.0.0-beta.37_@tiptap+core@2.0.0-beta.174
      '@tiptap/extension-document': 2.0.0-beta.15_@tiptap+core@2.0.0-beta.174
      '@tiptap/extension-dropcursor': 2.0.0-beta.25_@tiptap+core@2.0.0-beta.174
      '@tiptap/extension-gapcursor': 2.0.0-beta.34_@tiptap+core@2.0.0-beta.174
      '@tiptap/extension-hard-break': 2.0.0-beta.30_@tiptap+core@2.0.0-beta.174
      '@tiptap/extension-heading': 2.0.0-beta.26_@tiptap+core@2.0.0-beta.174
      '@tiptap/extension-history': 2.0.0-beta.21_@tiptap+core@2.0.0-beta.174
      '@tiptap/extension-horizontal-rule': 2.0.0-beta.31_@tiptap+core@2.0.0-beta.174
      '@tiptap/extension-italic': 2.0.0-beta.26_@tiptap+core@2.0.0-beta.174
      '@tiptap/extension-list-item': 2.0.0-beta.20_@tiptap+core@2.0.0-beta.174
      '@tiptap/extension-ordered-list': 2.0.0-beta.27_@tiptap+core@2.0.0-beta.174
      '@tiptap/extension-paragraph': 2.0.0-beta.23_@tiptap+core@2.0.0-beta.174
      '@tiptap/extension-strike': 2.0.0-beta.27_@tiptap+core@2.0.0-beta.174
      '@tiptap/extension-text': 2.0.0-beta.15_@tiptap+core@2.0.0-beta.174
    dev: false

  /@types/orderedmap/1.0.0:
    resolution: {integrity: sha512-dxKo80TqYx3YtBipHwA/SdFmMMyLCnP+5mkEqN0eMjcTBzHkiiX0ES118DsjDBjvD+zeSsSU9jULTZ+frog+Gw==}
    dev: false

  /@types/prosemirror-commands/1.0.4:
    resolution: {integrity: sha512-utDNYB3EXLjAfYIcRWJe6pn3kcQ5kG4RijbT/0Y/TFOm6yhvYS/D9eJVnijdg9LDjykapcezchxGRqFD5LcyaQ==}
    dependencies:
      '@types/prosemirror-model': 1.16.1
      '@types/prosemirror-state': 1.2.8
      '@types/prosemirror-view': 1.23.1
    dev: false

  /@types/prosemirror-dropcursor/1.0.3:
    resolution: {integrity: sha512-b0/8njnJ4lwyHKcGuCMf3x7r1KjxyugB1R/c2iMCjplsJHSC7UY9+OysqgJR5uUXRekUSGniiLgBtac/lvH6wg==}
    dependencies:
      '@types/prosemirror-state': 1.2.8
    dev: false

  /@types/prosemirror-gapcursor/1.0.4:
    resolution: {integrity: sha512-9xKjFIG5947dzerFvkLWp6F53JwrUYoYwh3SgcTFEp8SbSfNNrez/PFYVZKPnoqPoaK5WtTdQTaMwpCV9rXQIg==}
    dependencies:
      '@types/prosemirror-model': 1.16.1
      '@types/prosemirror-state': 1.2.8
    dev: false

  /@types/prosemirror-history/1.0.3:
    resolution: {integrity: sha512-5TloMDRavgLjOAKXp1Li8u0xcsspzbT1Cm9F2pwHOkgvQOz1jWQb2VIXO7RVNsFjLBZdIXlyfSLivro3DuMWXg==}
    dependencies:
      '@types/prosemirror-model': 1.16.1
      '@types/prosemirror-state': 1.2.8
    dev: false

  /@types/prosemirror-keymap/1.0.4:
    resolution: {integrity: sha512-ycevwkqUh+jEQtPwqO7sWGcm+Sybmhu8MpBsM8DlO3+YTKnXbKA6SDz/+q14q1wK3UA8lHJyfR+v+GPxfUSemg==}
    dependencies:
      '@types/prosemirror-commands': 1.0.4
      '@types/prosemirror-model': 1.16.1
      '@types/prosemirror-state': 1.2.8
      '@types/prosemirror-view': 1.23.1
    dev: false

  /@types/prosemirror-model/1.16.1:
    resolution: {integrity: sha512-SrrCe2cHlYrQ9o55e2i/c3wt1yRajTTpRLvzfmB+2DWjWEbBLTByVWyjrdpKtQTxAaTeU2aeDGo1iuwl/jF27w==}
    dependencies:
      '@types/orderedmap': 1.0.0
    dev: false

  /@types/prosemirror-schema-list/1.0.3:
    resolution: {integrity: sha512-uWybOf+M2Ea7rlbs0yLsS4YJYNGXYtn4N+w8HCw3Vvfl6wBAROzlMt0gV/D/VW/7J/LlAjwMezuGe8xi24HzXA==}
    dependencies:
      '@types/orderedmap': 1.0.0
      '@types/prosemirror-model': 1.16.1
      '@types/prosemirror-state': 1.2.8
    dev: false

  /@types/prosemirror-state/1.2.8:
    resolution: {integrity: sha512-mq9uyQWcpu8jeamO6Callrdvf/e1H/aRLR2kZWSpZrPHctEsxWHBbluD/wqVjXBRIOoMHLf6ZvOkrkmGLoCHVA==}
    dependencies:
      '@types/prosemirror-model': 1.16.1
      '@types/prosemirror-transform': 1.1.6
      '@types/prosemirror-view': 1.23.1
    dev: false

  /@types/prosemirror-transform/1.1.6:
    resolution: {integrity: sha512-7HwXOWc5vZQqIfEUUVAz13lPgBqAWJTv89qEpzAtBFB6hOszFmhsvQ02Jqe2LvKauAoJDa3Qpv/dbJAmgyiTuQ==}
    dependencies:
      '@types/prosemirror-model': 1.16.1
    dev: false

  /@types/prosemirror-view/1.23.1:
    resolution: {integrity: sha512-6e1B2oKUnhmZPUrsVvYjDqeVjE6jGezygjtoHsAK4ZENAxHzHqy5NT4jUvdPTWjCYeH0t2Y7pSfRPNrPIyQX4A==}
    dependencies:
      '@types/prosemirror-model': 1.16.1
      '@types/prosemirror-state': 1.2.8
      '@types/prosemirror-transform': 1.1.6
    dev: false

  /@types/trusted-types/2.0.2:
    resolution: {integrity: sha512-F5DIZ36YVLE+PN+Zwws4kJogq47hNgX3Nx6WyDJ3kcplxyke3XIzB8uK5n/Lpm1HBsbGzd6nmGehL8cPekP+Tg==}
    dev: false

  /linkifyjs/3.0.5:
    resolution: {integrity: sha512-1Y9XQH65eQKA9p2xtk+zxvnTeQBG7rdAXSkUG97DmuI/Xhji9uaUzaWxRj6rf9YC0v8KKHkxav7tnLX82Sz5Fg==}
    dev: false

  /lit-element/3.2.0:
    resolution: {integrity: sha512-HbE7yt2SnUtg5DCrWt028oaU4D5F4k/1cntAFHTkzY8ZIa8N0Wmu92PxSxucsQSOXlODFrICkQ5x/tEshKi13g==}
    dependencies:
      '@lit/reactive-element': 1.3.1
      lit-html: 2.2.2
    dev: false

  /lit-html/2.2.2:
    resolution: {integrity: sha512-cJofCRXuizwyaiGt9pJjJOcauezUlSB6t87VBXsPwRhbzF29MgD8GH6fZ0BuZdXAAC02IRONZBd//VPUuU8QbQ==}
    dependencies:
      '@types/trusted-types': 2.0.2
    dev: false

  /lit/2.2.2:
    resolution: {integrity: sha512-eN3+2QRHn/erxYB88AXiiRgQA6RltE9MhzySCwX+ACOxA/MLWN3VdXvcbZD9PN09zmUwlgzDvW3T84YWj2Sa0A==}
    dependencies:
      '@lit/reactive-element': 1.3.1
      lit-element: 3.2.0
      lit-html: 2.2.2
    dev: false

  /orderedmap/1.1.5:
    resolution: {integrity: sha512-/fzlCGKRmfayGoI9UUXvJfc2nMZlJHW30QqEvwPvlg8tsX7jyiUSomYie6mYqx7Z9bOMGoag0H/q1PS/0PjYkg==}
    dev: false

  /prosemirror-commands/1.2.2:
    resolution: {integrity: sha512-TX+KpWudMon06frryfpO/u7hsQv2hu8L4VSVbCpi3/7wXHBgl+35mV85qfa3RpT8xD2f3MdeoTqH0vy5JdbXPg==}
    dependencies:
      prosemirror-model: 1.16.1
      prosemirror-state: 1.3.4
      prosemirror-transform: 1.4.2
    dev: false

  /prosemirror-dropcursor/1.4.0:
    resolution: {integrity: sha512-6+YwTjmqDwlA/Dm+5wK67ezgqgjA/MhSDgaNxKUzH97SmeuWFXyLeDRxxOPZeSo7yTxcDGUCWTEjmQZsVBuMrQ==}
    dependencies:
      prosemirror-state: 1.3.4
      prosemirror-transform: 1.4.2
      prosemirror-view: 1.23.12
    dev: false

  /prosemirror-gapcursor/1.2.2:
    resolution: {integrity: sha512-7YzuRBbu9W7HGQde84kCHfIjaRLNcAdeijbgqrm/R9dsdTWkV+rrdcmic/sCc+bptiNpvjCEE+R6hrbT8zFQeQ==}
    dependencies:
      prosemirror-keymap: 1.1.5
      prosemirror-model: 1.16.1
      prosemirror-state: 1.3.4
      prosemirror-view: 1.23.12
    dev: false

  /prosemirror-history/1.2.0:
    resolution: {integrity: sha512-B9v9xtf4fYbKxQwIr+3wtTDNLDZcmMMmGiI3TAPShnUzvo+Rmv1GiUrsQChY1meetHl7rhML2cppF3FTs7f7UQ==}
    dependencies:
      prosemirror-state: 1.3.4
      prosemirror-transform: 1.4.2
      rope-sequence: 1.3.2
    dev: false

  /prosemirror-keymap/1.1.5:
    resolution: {integrity: sha512-8SZgPH3K+GLsHL2wKuwBD9rxhsbnVBTwpHCO4VUO5GmqUQlxd/2GtBVWTsyLq4Dp3N9nGgPd3+lZFKUDuVp+Vw==}
    dependencies:
      prosemirror-state: 1.3.4
      w3c-keyname: 2.2.4
    dev: false

  /prosemirror-model/1.16.1:
    resolution: {integrity: sha512-r1/w0HDU40TtkXp0DyKBnFPYwd8FSlUSJmGCGFv4DeynfeSlyQF2FD0RQbVEMOe6P3PpUSXM6LZBV7W/YNZ4mA==}
    dependencies:
      orderedmap: 1.1.5
    dev: false

  /prosemirror-schema-list/1.1.6:
    resolution: {integrity: sha512-aFGEdaCWmJzouZ8DwedmvSsL50JpRkqhQ6tcpThwJONVVmCgI36LJHtoQ4VGZbusMavaBhXXr33zyD2IVsTlkw==}
    dependencies:
      prosemirror-model: 1.16.1
      prosemirror-transform: 1.4.2
    dev: false

  /prosemirror-state/1.3.4:
    resolution: {integrity: sha512-Xkkrpd1y/TQ6HKzN3agsQIGRcLckUMA9u3j207L04mt8ToRgpGeyhbVv0HI7omDORIBHjR29b7AwlATFFf2GLA==}
    dependencies:
      prosemirror-model: 1.16.1
      prosemirror-transform: 1.4.2
    dev: false

  /prosemirror-transform/1.4.2:
    resolution: {integrity: sha512-bcIsf3uRZhfab0xRfyyxOEh6eqSszq/hJbDbmUumFnbHBoWhB/uXbpz6vvUxfk0XiEvrZDJ+5pXRrNDc1Hu3vQ==}
    dependencies:
      prosemirror-model: 1.16.1
    dev: false

  /prosemirror-view/1.23.12:
    resolution: {integrity: sha512-uvw9ZVz5dNDD9w1bzHkU2r4NWFlpFz85v9rCD8NAhQBau6LYhwM/crjry+C4JgeR8gy6pMXS5eJ1zhNLcK4ctQ==}
    dependencies:
      prosemirror-model: 1.16.1
      prosemirror-state: 1.3.4
      prosemirror-transform: 1.4.2
    dev: false

  /rope-sequence/1.3.2:
    resolution: {integrity: sha512-ku6MFrwEVSVmXLvy3dYph3LAMNS0890K7fabn+0YIRQ2T96T9F4gkFf0vf0WW0JUraNWwGRtInEpH7yO4tbQZg==}
    dev: false

  /w3c-keyname/2.2.4:
    resolution: {integrity: sha512-tOhfEwEzFLJzf6d1ZPkYfGj+FWhIpBux9ppoP3rlclw3Z0BZv3N7b7030Z1kYth+6rDuAsXUFr+d0VE6Ed1ikw==}
    dev: false
