lockfileVersion: '9.0'

settings:
  autoInstallPeers: true
  excludeLinksFromLockfile: false

overrides:
  prosemirror-view: ~1.28.0

importers:

  .:
    dependencies:
      '@hotwired/stimulus':
        specifier: ^3.1.0
        version: 3.2.1
      '@hotwired/turbo':
        specifier: ^7.2.0
        version: 7.3.0
      '@rails/actioncable':
        specifier: ^7.0.0
        version: 7.0.4
      '@rails/actiontext':
        specifier: ^7.0.0
        version: 7.0.4(trix@2.0.5)
      '@rails/activestorage':
        specifier: ^7.0.0
        version: 7.0.4
      '@tiptap/extension-collaboration':
        specifier: ~2.4.0
        version: 2.4.0(@tiptap/core@2.4.0(@tiptap/pm@2.4.0))(@tiptap/pm@2.4.0)(y-prosemirror@1.2.5(prosemirror-model@1.21.0)(prosemirror-state@1.4.3)(prosemirror-view@1.28.3)(y-protocols@1.0.6(yjs@13.6.15))(yjs@13.6.15))
      '@tiptap/extension-collaboration-cursor':
        specifier: ~2.4.0
        version: 2.4.0(@tiptap/core@2.4.0(@tiptap/pm@2.4.0))(y-prosemirror@1.2.5(prosemirror-model@1.21.0)(prosemirror-state@1.4.3)(prosemirror-view@1.28.3)(y-protocols@1.0.6(yjs@13.6.15))(yjs@13.6.15))
      '@y-rb/actioncable':
        specifier: ^0.2.1
        version: 0.2.1
      prosemirror-view:
        specifier: ~1.28.0
        version: 1.28.3
      rhino-editor:
        specifier: link:../../
        version: link:../..
      trix:
        specifier: ^2.0.5
        version: 2.0.5
      y-prosemirror:
        specifier: 1.2.5
        version: 1.2.5(prosemirror-model@1.21.0)(prosemirror-state@1.4.3)(prosemirror-view@1.28.3)(y-protocols@1.0.6(yjs@13.6.15))(yjs@13.6.15)
      y-protocols:
        specifier: ^1.0.6
        version: 1.0.6(yjs@13.6.15)
      y-websocket:
        specifier: 1.5.0
        version: 1.5.0(yjs@13.6.15)
      yjs:
        specifier: 13.6.15
        version: 13.6.15
    devDependencies:
      '@playwright/test':
        specifier: ~1.28.0
        version: 1.28.1
      playwright:
        specifier: ~1.28.0
        version: 1.28.1
      vite:
        specifier: ^4.2.0
        version: 4.3.4(@types/node@20.12.12)
      vite-plugin-ruby:
        specifier: ^3.2.0
        version: 3.2.2(vite@4.3.4(@types/node@20.12.12))

packages:

  '@esbuild/android-arm64@0.17.18':
    resolution: {integrity: sha512-/iq0aK0eeHgSC3z55ucMAHO05OIqmQehiGay8eP5l/5l+iEr4EIbh4/MI8xD9qRFjqzgkc0JkX0LculNC9mXBw==}
    engines: {node: '>=12'}
    cpu: [arm64]
    os: [android]

  '@esbuild/android-arm@0.17.18':
    resolution: {integrity: sha512-EmwL+vUBZJ7mhFCs5lA4ZimpUH3WMAoqvOIYhVQwdIgSpHC8ImHdsRyhHAVxpDYUSm0lWvd63z0XH1IlImS2Qw==}
    engines: {node: '>=12'}
    cpu: [arm]
    os: [android]

  '@esbuild/android-x64@0.17.18':
    resolution: {integrity: sha512-x+0efYNBF3NPW2Xc5bFOSFW7tTXdAcpfEg2nXmxegm4mJuVeS+i109m/7HMiOQ6M12aVGGFlqJX3RhNdYM2lWg==}
    engines: {node: '>=12'}
    cpu: [x64]
    os: [android]

  '@esbuild/darwin-arm64@0.17.18':
    resolution: {integrity: sha512-6tY+djEAdF48M1ONWnQb1C+6LiXrKjmqjzPNPWXhu/GzOHTHX2nh8Mo2ZAmBFg0kIodHhciEgUBtcYCAIjGbjQ==}
    engines: {node: '>=12'}
    cpu: [arm64]
    os: [darwin]

  '@esbuild/darwin-x64@0.17.18':
    resolution: {integrity: sha512-Qq84ykvLvya3dO49wVC9FFCNUfSrQJLbxhoQk/TE1r6MjHo3sFF2tlJCwMjhkBVq3/ahUisj7+EpRSz0/+8+9A==}
    engines: {node: '>=12'}
    cpu: [x64]
    os: [darwin]

  '@esbuild/freebsd-arm64@0.17.18':
    resolution: {integrity: sha512-fw/ZfxfAzuHfaQeMDhbzxp9mc+mHn1Y94VDHFHjGvt2Uxl10mT4CDavHm+/L9KG441t1QdABqkVYwakMUeyLRA==}
    engines: {node: '>=12'}
    cpu: [arm64]
    os: [freebsd]

  '@esbuild/freebsd-x64@0.17.18':
    resolution: {integrity: sha512-FQFbRtTaEi8ZBi/A6kxOC0V0E9B/97vPdYjY9NdawyLd4Qk5VD5g2pbWN2VR1c0xhzcJm74HWpObPszWC+qTew==}
    engines: {node: '>=12'}
    cpu: [x64]
    os: [freebsd]

  '@esbuild/linux-arm64@0.17.18':
    resolution: {integrity: sha512-R7pZvQZFOY2sxUG8P6A21eq6q+eBv7JPQYIybHVf1XkQYC+lT7nDBdC7wWKTrbvMXKRaGudp/dzZCwL/863mZQ==}
    engines: {node: '>=12'}
    cpu: [arm64]
    os: [linux]

  '@esbuild/linux-arm@0.17.18':
    resolution: {integrity: sha512-jW+UCM40LzHcouIaqv3e/oRs0JM76JfhHjCavPxMUti7VAPh8CaGSlS7cmyrdpzSk7A+8f0hiedHqr/LMnfijg==}
    engines: {node: '>=12'}
    cpu: [arm]
    os: [linux]

  '@esbuild/linux-ia32@0.17.18':
    resolution: {integrity: sha512-ygIMc3I7wxgXIxk6j3V00VlABIjq260i967Cp9BNAk5pOOpIXmd1RFQJQX9Io7KRsthDrQYrtcx7QCof4o3ZoQ==}
    engines: {node: '>=12'}
    cpu: [ia32]
    os: [linux]

  '@esbuild/linux-loong64@0.17.18':
    resolution: {integrity: sha512-bvPG+MyFs5ZlwYclCG1D744oHk1Pv7j8psF5TfYx7otCVmcJsEXgFEhQkbhNW8otDHL1a2KDINW20cfCgnzgMQ==}
    engines: {node: '>=12'}
    cpu: [loong64]
    os: [linux]

  '@esbuild/linux-mips64el@0.17.18':
    resolution: {integrity: sha512-oVqckATOAGuiUOa6wr8TXaVPSa+6IwVJrGidmNZS1cZVx0HqkTMkqFGD2HIx9H1RvOwFeWYdaYbdY6B89KUMxA==}
    engines: {node: '>=12'}
    cpu: [mips64el]
    os: [linux]

  '@esbuild/linux-ppc64@0.17.18':
    resolution: {integrity: sha512-3dLlQO+b/LnQNxgH4l9rqa2/IwRJVN9u/bK63FhOPB4xqiRqlQAU0qDU3JJuf0BmaH0yytTBdoSBHrb2jqc5qQ==}
    engines: {node: '>=12'}
    cpu: [ppc64]
    os: [linux]

  '@esbuild/linux-riscv64@0.17.18':
    resolution: {integrity: sha512-/x7leOyDPjZV3TcsdfrSI107zItVnsX1q2nho7hbbQoKnmoeUWjs+08rKKt4AUXju7+3aRZSsKrJtaRmsdL1xA==}
    engines: {node: '>=12'}
    cpu: [riscv64]
    os: [linux]

  '@esbuild/linux-s390x@0.17.18':
    resolution: {integrity: sha512-cX0I8Q9xQkL/6F5zWdYmVf5JSQt+ZfZD2bJudZrWD+4mnUvoZ3TDDXtDX2mUaq6upMFv9FlfIh4Gfun0tbGzuw==}
    engines: {node: '>=12'}
    cpu: [s390x]
    os: [linux]

  '@esbuild/linux-x64@0.17.18':
    resolution: {integrity: sha512-66RmRsPlYy4jFl0vG80GcNRdirx4nVWAzJmXkevgphP1qf4dsLQCpSKGM3DUQCojwU1hnepI63gNZdrr02wHUA==}
    engines: {node: '>=12'}
    cpu: [x64]
    os: [linux]

  '@esbuild/netbsd-x64@0.17.18':
    resolution: {integrity: sha512-95IRY7mI2yrkLlTLb1gpDxdC5WLC5mZDi+kA9dmM5XAGxCME0F8i4bYH4jZreaJ6lIZ0B8hTrweqG1fUyW7jbg==}
    engines: {node: '>=12'}
    cpu: [x64]
    os: [netbsd]

  '@esbuild/openbsd-x64@0.17.18':
    resolution: {integrity: sha512-WevVOgcng+8hSZ4Q3BKL3n1xTv5H6Nb53cBrtzzEjDbbnOmucEVcZeGCsCOi9bAOcDYEeBZbD2SJNBxlfP3qiA==}
    engines: {node: '>=12'}
    cpu: [x64]
    os: [openbsd]

  '@esbuild/sunos-x64@0.17.18':
    resolution: {integrity: sha512-Rzf4QfQagnwhQXVBS3BYUlxmEbcV7MY+BH5vfDZekU5eYpcffHSyjU8T0xucKVuOcdCsMo+Ur5wmgQJH2GfNrg==}
    engines: {node: '>=12'}
    cpu: [x64]
    os: [sunos]

  '@esbuild/win32-arm64@0.17.18':
    resolution: {integrity: sha512-Kb3Ko/KKaWhjeAm2YoT/cNZaHaD1Yk/pa3FTsmqo9uFh1D1Rfco7BBLIPdDOozrObj2sahslFuAQGvWbgWldAg==}
    engines: {node: '>=12'}
    cpu: [arm64]
    os: [win32]

  '@esbuild/win32-ia32@0.17.18':
    resolution: {integrity: sha512-0/xUMIdkVHwkvxfbd5+lfG7mHOf2FRrxNbPiKWg9C4fFrB8H0guClmaM3BFiRUYrznVoyxTIyC/Ou2B7QQSwmw==}
    engines: {node: '>=12'}
    cpu: [ia32]
    os: [win32]

  '@esbuild/win32-x64@0.17.18':
    resolution: {integrity: sha512-qU25Ma1I3NqTSHJUOKi9sAH1/Mzuvlke0ioMJRthLXKm7JiSKVwFghlGbDLOO2sARECGhja4xYfRAZNPAkooYg==}
    engines: {node: '>=12'}
    cpu: [x64]
    os: [win32]

  '@hotwired/stimulus@3.2.1':
    resolution: {integrity: sha512-HGlzDcf9vv/EQrMJ5ZG6VWNs8Z/xMN+1o2OhV1gKiSG6CqZt5MCBB1gRg5ILiN3U0jEAxuDTNPRfBcnZBDmupQ==}

  '@hotwired/turbo@7.3.0':
    resolution: {integrity: sha512-Dcu+NaSvHLT7EjrDrkEmH4qET2ZJZ5IcCWmNXxNQTBwlnE5tBZfN6WxZ842n5cHV52DH/AKNirbPBtcEXDLW4g==}
    engines: {node: '>= 14'}

  '@nodelib/fs.scandir@2.1.5':
    resolution: {integrity: sha512-vq24Bq3ym5HEQm2NKCr3yXDwjc7vTsEThRDnkp2DK9p1uqLR+DHurm/NOTo0KG7HYHU7eppKZj3MyqYuMBf62g==}
    engines: {node: '>= 8'}

  '@nodelib/fs.stat@2.0.5':
    resolution: {integrity: sha512-RkhPPp2zrqDAQA/2jNhnztcPAlv64XdhIp7a7454A5ovI7Bukxgt7MX7udwAu3zg1DcpPU0rz3VV1SeaqvY4+A==}
    engines: {node: '>= 8'}

  '@nodelib/fs.walk@1.2.8':
    resolution: {integrity: sha512-oGB+UxlgWcgQkgwo8GcEGwemoTFt3FIO9ababBmaGwXIoBKZ+GTy0pP185beGg7Llih/NSHSV2XAs1lnznocSg==}
    engines: {node: '>= 8'}

  '@playwright/test@1.28.1':
    resolution: {integrity: sha512-xN6spdqrNlwSn9KabIhqfZR7IWjPpFK1835tFNgjrlysaSezuX8PYUwaz38V/yI8TJLG9PkAMEXoHRXYXlpTPQ==}
    engines: {node: '>=14'}
    deprecated: Please update to the latest version of Playwright to test up-to-date browsers.
    hasBin: true

  '@rails/actioncable@7.0.4':
    resolution: {integrity: sha512-tz4oM+Zn9CYsvtyicsa/AwzKZKL+ITHWkhiu7x+xF77clh2b4Rm+s6xnOgY/sGDWoFWZmtKsE95hxBPkgQQNnQ==}

  '@rails/actiontext@7.0.4':
    resolution: {integrity: sha512-vyXZ4cNkudpfSfFWuyo1SSKBQXTK2H02xjd5vLHIBqJOKaqcZ7aFWe6n8NoQrTpAt+ULYtjkH0xMhJ5holswsQ==}
    peerDependencies:
      trix: ^1.3.1

  '@rails/activestorage@7.0.4':
    resolution: {integrity: sha512-K2fV9C0z88fapu58nt9uHzMylsmJWUFuaIFvuZQEf1WTiPMsgTsj1bf8+cD81zXfTXYMZDQNRq4164JmuBKD3A==}

  '@remirror/core-constants@2.0.2':
    resolution: {integrity: sha512-dyHY+sMF0ihPus3O27ODd4+agdHMEmuRdyiZJ2CCWjPV5UFmn17ZbElvk6WOGVE4rdCJKZQCrPV2BcikOMLUGQ==}

  '@tiptap/core@2.4.0':
    resolution: {integrity: sha512-YJSahk8pkxpCs8SflCZfTnJpE7IPyUWIylfgXM2DefjRQa5DZ+c6sNY0s/zbxKYFQ6AuHVX40r9pCfcqHChGxQ==}
    peerDependencies:
      '@tiptap/pm': ^2.0.0

  '@tiptap/extension-collaboration-cursor@2.4.0':
    resolution: {integrity: sha512-BTVy9FCTGdHxYieJ4lteVLrRY5qAPQyfunhMwakVf1NT3iU9quE6CaeaIwt6wEDJPMPPKzOHg1/ltSz9nIDe4A==}
    peerDependencies:
      '@tiptap/core': ^2.0.0
      y-prosemirror: ^1.2.5

  '@tiptap/extension-collaboration@2.4.0':
    resolution: {integrity: sha512-achU+GU9tqxn3zsU61CbwWrCausf0U23MJIpo8vnywOIx6E955by6okHEHoUazLIGVFXVc5DBzBP7bf+Snzk0Q==}
    peerDependencies:
      '@tiptap/core': ^2.0.0
      '@tiptap/pm': ^2.0.0
      y-prosemirror: ^1.2.5

  '@tiptap/pm@2.4.0':
    resolution: {integrity: sha512-B1HMEqGS4MzIVXnpgRZDLm30mxDWj51LkBT/if1XD+hj5gm8B9Q0c84bhvODX6KIs+c6z+zsY9VkVu8w9Yfgxg==}

  '@types/node@20.12.12':
    resolution: {integrity: sha512-eWLDGF/FOSPtAvEqeRAQ4C8LSA7M1I7i0ky1I8U7kD1J5ITyW3AsRhQrKVoWf5pFKZ2kILsEGJhsI9r93PYnOw==}

  '@y-rb/actioncable@0.2.1':
    resolution: {integrity: sha512-sn5T102MuQhtmsCHK7EfiEA2W87szxXJjrGoKMtWhZmbqkCbEUh98/V64fjwE3Ordihd1Qm2xtukU49y6vp5cQ==}
    engines: {node: '>= 18.14.1', yarn: '>= 1.22.19'}

  abstract-leveldown@6.2.3:
    resolution: {integrity: sha512-BsLm5vFMRUrrLeCcRc+G0t2qOaTzpoJQLOubq2XM72eNpjF5UdU5o/5NvlNhx95XHcAvcl8OMXr4mlg/fRgUXQ==}
    engines: {node: '>=6'}

  abstract-leveldown@6.3.0:
    resolution: {integrity: sha512-TU5nlYgta8YrBMNpc9FwQzRbiXsj49gsALsXadbGHt9CROPzX5fB0rWDR5mtdpOOKa5XqRFpbj1QroPAoPzVjQ==}
    engines: {node: '>=6'}

  argparse@2.0.1:
    resolution: {integrity: sha512-8+9WqebbFzpX9OR+Wa6O29asIogeRMzcGtAINdpMHHyAg10f05aSFVBbcEqGf/PXw1EjAZ+q2/bEBg3DvurK3Q==}

  async-limiter@1.0.1:
    resolution: {integrity: sha512-csOlWGAcRFJaI6m+F2WKdnMKr4HhdhFVBk0H/QbJFMCr+uO2kwohwXQPxw/9OCxp05r5ghVBFSyioixx3gfkNQ==}

  base64-js@1.5.1:
    resolution: {integrity: sha512-AKpaYlHn8t4SVbOHCy+b5+KKgvR4vrsD8vbvrbiQJps7fKDTkjkDry6ji0rUJjC0kzbNePLwzxq8iypo41qeWA==}

  braces@3.0.2:
    resolution: {integrity: sha512-b8um+L1RzM3WDSzvhm6gIz1yfTbBt6YTlcEKAvsmqCZZFw46z626lVj9j1yEPW33H5H+lBQpZMP1k8l+78Ha0A==}
    engines: {node: '>=8'}

  buffer@5.7.1:
    resolution: {integrity: sha512-EHcyIPBQ4BSGlvjB16k5KgAJ27CIsHY/2JBmCRReo48y9rQ3MaUzWX3KVlBa4U7MyX02HdVj0K7C3WaB3ju7FQ==}

  crelt@1.0.6:
    resolution: {integrity: sha512-VQ2MBenTq1fWZUH9DJNGti7kKv6EeAuYr3cLwxUWhIu1baTaXh4Ib5W2CqHVqib4/MqbYGJqiL3Zb8GJZr3l4g==}

  debug@4.3.4:
    resolution: {integrity: sha512-PRWFHuSU3eDtQJPvnNY7Jcket1j0t5OuOsFzPPzsekD52Zl8qUfFIPEiswXqIvHWGVHOgX+7G/vCNNhehwxfkQ==}
    engines: {node: '>=6.0'}
    peerDependencies:
      supports-color: '*'
    peerDependenciesMeta:
      supports-color:
        optional: true

  deferred-leveldown@5.3.0:
    resolution: {integrity: sha512-a59VOT+oDy7vtAbLRCZwWgxu2BaCfd5Hk7wxJd48ei7I+nsg8Orlb9CLG0PMZienk9BSUKgeAqkO2+Lw+1+Ukw==}
    engines: {node: '>=6'}

  encoding-down@6.3.0:
    resolution: {integrity: sha512-QKrV0iKR6MZVJV08QY0wp1e7vF6QbhnbQhb07bwpEyuz4uZiZgPlEGdkCROuFkUwdxlFaiPIhjyarH1ee/3vhw==}
    engines: {node: '>=6'}

  entities@4.5.0:
    resolution: {integrity: sha512-V0hjH4dGPh9Ao5p0MoRY6BVqtwCjhz6vI5LT8AJ55H+4g9/4vbHx1I54fS0XuclLhDHArPQCiMjDxjaL8fPxhw==}
    engines: {node: '>=0.12'}

  errno@0.1.8:
    resolution: {integrity: sha512-dJ6oBr5SQ1VSd9qkk7ByRgb/1SH4JZjCHSW/mr63/QcXO9zLVxvJ6Oy13nio03rxpSnVDDjFor75SjVeZWPW/A==}
    hasBin: true

  esbuild@0.17.18:
    resolution: {integrity: sha512-z1lix43jBs6UKjcZVKOw2xx69ffE2aG0PygLL5qJ9OS/gy0Ewd1gW/PUQIOIQGXBHWNywSc0floSKoMFF8aK2w==}
    engines: {node: '>=12'}
    hasBin: true

  escape-string-regexp@4.0.0:
    resolution: {integrity: sha512-TtpcNJ3XAzx3Gq8sWRzJaVajRs0uVxA2YAkdb1jm2YkPz4G6egUFAyA3n5vtEIZefPk5Wa4UXbKuS5fKkJWdgA==}
    engines: {node: '>=10'}

  fast-glob@3.2.12:
    resolution: {integrity: sha512-DVj4CQIYYow0BlaelwK1pHl5n5cRSJfM60UA0zK891sVInoPri2Ekj7+e1CT3/3qxXenpI+nBBmQAcJPJgaj4w==}
    engines: {node: '>=8.6.0'}

  fastq@1.15.0:
    resolution: {integrity: sha512-wBrocU2LCXXa+lWBt8RoIRD89Fi8OdABODa/kEnyeyjS5aZO5/GNvI5sEINADqP/h8M29UHTHUb53sUu5Ihqdw==}

  fill-range@7.0.1:
    resolution: {integrity: sha512-qOo9F+dMUmC2Lcb4BbVvnKJxTPjCm+RRpe4gDuGrzkL7mEVl/djYSu2OdQ2Pa302N4oqkSg9ir6jaLWJ2USVpQ==}
    engines: {node: '>=8'}

  fsevents@2.3.3:
    resolution: {integrity: sha512-5xoDfX+fL7faATnagmWPpbFtwh/R77WmMMqqHGS65C3vvB0YHrgF+B1YmZ3441tMj5n63k0212XNoJwzlhffQw==}
    engines: {node: ^8.16.0 || ^10.6.0 || >=11.0.0}
    os: [darwin]

  glob-parent@5.1.2:
    resolution: {integrity: sha512-AOIgSQCepiJYwP3ARnGx+5VnTu2HBYdzbGP45eLw1vr3zB3vZLeyed1sC9hnbcOc9/SrMyM5RPQrkGz4aS9Zow==}
    engines: {node: '>= 6'}

  ieee754@1.2.1:
    resolution: {integrity: sha512-dcyqhDvX1C46lXZcVqCpK+FtMRQVdIMN6/Df5js2zouUsqG7I6sFxitIC+7KYK29KdXOLHdu9zL4sFnoVQnqaA==}

  immediate@3.3.0:
    resolution: {integrity: sha512-HR7EVodfFUdQCTIeySw+WDRFJlPcLOJbXfwwZ7Oom6tjsvZ3bOkCDJHehQC3nxJrv7+f9XecwazynjU8e4Vw3Q==}

  inherits@2.0.4:
    resolution: {integrity: sha512-k/vGaX4/Yla3WzyMCvTQOXYeIHvqOKtnqBduzTHpzpQZzAskKMhZ2K+EnBiSM9zGSoIFeMpXKxa4dYeZIQqewQ==}

  is-extglob@2.1.1:
    resolution: {integrity: sha512-SbKbANkN603Vi4jEZv49LeVJMn4yGwsbzZworEoyEiutsN3nJYdbO36zfhGJ6QEDpOZIFkDtnq5JRxmvl3jsoQ==}
    engines: {node: '>=0.10.0'}

  is-glob@4.0.3:
    resolution: {integrity: sha512-xelSayHH36ZgE7ZWhli7pW34hNbNl8Ojv5KVmkJD4hBdD3th8Tfk9vYasLM+mXWOZhFkgZfxhLSnrwRr4elSSg==}
    engines: {node: '>=0.10.0'}

  is-number@7.0.0:
    resolution: {integrity: sha512-41Cifkg6e8TylSpdtTpeLVMqvSBEVzTttHvERD741+pnZ8ANv0004MRL43QKPDlK9cGvNp6NZWZUBlbGXYxxng==}
    engines: {node: '>=0.12.0'}

  isomorphic.js@0.2.5:
    resolution: {integrity: sha512-PIeMbHqMt4DnUP3MA/Flc0HElYjMXArsw1qwJZcm9sqR8mq3l8NYizFMty0pWwE/tzIGH3EKK5+jes5mAr85yw==}

  level-codec@9.0.2:
    resolution: {integrity: sha512-UyIwNb1lJBChJnGfjmO0OR+ezh2iVu1Kas3nvBS/BzGnx79dv6g7unpKIDNPMhfdTEGoc7mC8uAu51XEtX+FHQ==}
    engines: {node: '>=6'}

  level-concat-iterator@2.0.1:
    resolution: {integrity: sha512-OTKKOqeav2QWcERMJR7IS9CUo1sHnke2C0gkSmcR7QuEtFNLLzHQAvnMw8ykvEcv0Qtkg0p7FOwP1v9e5Smdcw==}
    engines: {node: '>=6'}

  level-errors@2.0.1:
    resolution: {integrity: sha512-UVprBJXite4gPS+3VznfgDSU8PTRuVX0NXwoWW50KLxd2yw4Y1t2JUR5In1itQnudZqRMT9DlAM3Q//9NCjCFw==}
    engines: {node: '>=6'}

  level-iterator-stream@4.0.2:
    resolution: {integrity: sha512-ZSthfEqzGSOMWoUGhTXdX9jv26d32XJuHz/5YnuHZzH6wldfWMOVwI9TBtKcya4BKTyTt3XVA0A3cF3q5CY30Q==}
    engines: {node: '>=6'}

  level-js@5.0.2:
    resolution: {integrity: sha512-SnBIDo2pdO5VXh02ZmtAyPP6/+6YTJg2ibLtl9C34pWvmtMEmRTWpra+qO/hifkUtBTOtfx6S9vLDjBsBK4gRg==}

  level-packager@5.1.1:
    resolution: {integrity: sha512-HMwMaQPlTC1IlcwT3+swhqf/NUO+ZhXVz6TY1zZIIZlIR0YSn8GtAAWmIvKjNY16ZkEg/JcpAuQskxsXqC0yOQ==}
    engines: {node: '>=6'}

  level-supports@1.0.1:
    resolution: {integrity: sha512-rXM7GYnW8gsl1vedTJIbzOrRv85c/2uCMpiiCzO2fndd06U/kUXEEU9evYn4zFggBOg36IsBW8LzqIpETwwQzg==}
    engines: {node: '>=6'}

  level@6.0.1:
    resolution: {integrity: sha512-psRSqJZCsC/irNhfHzrVZbmPYXDcEYhA5TVNwr+V92jF44rbf86hqGp8fiT702FyiArScYIlPSBTDUASCVNSpw==}
    engines: {node: '>=8.6.0'}

  leveldown@5.6.0:
    resolution: {integrity: sha512-iB8O/7Db9lPaITU1aA2txU/cBEXAt4vWwKQRrrWuS6XDgbP4QZGj9BL2aNbwb002atoQ/lIotJkfyzz+ygQnUQ==}
    engines: {node: '>=8.6.0'}

  levelup@4.4.0:
    resolution: {integrity: sha512-94++VFO3qN95cM/d6eBXvd894oJE0w3cInq9USsyQzzoJxmiYzPAocNcuGCPGGjoXqDVJcr3C1jzt1TSjyaiLQ==}
    engines: {node: '>=6'}

  lib0@0.2.94:
    resolution: {integrity: sha512-hZ3p54jL4Wpu7IOg26uC7dnEWiMyNlUrb9KoG7+xYs45WkQwpVvKFndVq2+pqLYKe1u8Fp3+zAfZHVvTK34PvQ==}
    engines: {node: '>=16'}
    hasBin: true

  linkify-it@5.0.0:
    resolution: {integrity: sha512-5aHCbzQRADcdP+ATqnDuhhJ/MRIqDkZX5pyjFHRRysS8vZ5AbqGEoFIb6pYHPZ+L/OC2Lc+xT8uHVVR5CAK/wQ==}

  lodash.debounce@4.0.8:
    resolution: {integrity: sha512-FT1yDzDYEoYWhnSGnpE/4Kj1fLZkDFyqRb7fNt6FdYOSxlUWAtp42Eh6Wb0rGIv/m9Bgo7x4GhQbm5Ys4SG5ow==}

  ltgt@2.2.1:
    resolution: {integrity: sha512-AI2r85+4MquTw9ZYqabu4nMwy9Oftlfa/e/52t9IjtfG+mGBbTNdAoZ3RQKLHR6r0wQnwZnPIEh/Ya6XTWAKNA==}

  markdown-it@14.1.0:
    resolution: {integrity: sha512-a54IwgWPaeBCAAsv13YgmALOF1elABB08FxO9i+r4VFk5Vl4pKokRPeX8u5TCgSsPi6ec1otfLjdOpVcgbpshg==}
    hasBin: true

  mdurl@2.0.0:
    resolution: {integrity: sha512-Lf+9+2r+Tdp5wXDXC4PcIBjTDtq4UKjCPMQhKIuzpJNW0b96kVqSwW0bT7FhRSfmAiFYgP+SCRvdrDozfh0U5w==}

  merge2@1.4.1:
    resolution: {integrity: sha512-8q7VEgMJW4J8tcfVPy8g09NcQwZdbwFEqhe/WZkoIzjn/3TGDwtOCYtXGxA3O8tPzpczCCDgv+P2P5y00ZJOOg==}
    engines: {node: '>= 8'}

  micromatch@4.0.5:
    resolution: {integrity: sha512-DMy+ERcEW2q8Z2Po+WNXuw3c5YaUSFjAO5GsJqfEl7UjvtIuFKO6ZrKvcItdy98dwFI2N1tg3zNIdKaQT+aNdA==}
    engines: {node: '>=8.6'}

  ms@2.1.2:
    resolution: {integrity: sha512-sGkPx+VjMtmA6MX27oA4FBFELFCZZ4S4XqeGOXCv68tT+jb3vk/RyaKWP0PTKyWtmLSM0b+adUTEvbs1PEaH2w==}

  nanoid@3.3.6:
    resolution: {integrity: sha512-BGcqMMJuToF7i1rt+2PWSNVnWIkGCU78jBG3RxO/bZlnZPK2Cmi2QaffxGO/2RvWi9sL+FAiRiXMgsyxQ1DIDA==}
    engines: {node: ^10 || ^12 || ^13.7 || ^14 || >=15.0.1}
    hasBin: true

  napi-macros@2.0.0:
    resolution: {integrity: sha512-A0xLykHtARfueITVDernsAWdtIMbOJgKgcluwENp3AlsKN/PloyO10HtmoqnFAQAcxPkgZN7wdfPfEd0zNGxbg==}

  node-gyp-build@4.1.1:
    resolution: {integrity: sha512-dSq1xmcPDKPZ2EED2S6zw/b9NKsqzXRE6dVr8TVQnI3FJOTteUMuqF3Qqs6LZg+mLGYJWqQzMbIjMtJqTv87nQ==}
    hasBin: true

  orderedmap@2.1.1:
    resolution: {integrity: sha512-TvAWxi0nDe1j/rtMcWcIj94+Ffe6n7zhow33h40SKxmsmozs6dz/e+EajymfoFcHd7sxNn8yHM8839uixMOV6g==}

  picocolors@1.0.0:
    resolution: {integrity: sha512-1fygroTLlHu66zi26VoTDv8yRgm0Fccecssto+MhsZ0D/DGW2sm8E8AjW7NU5VVTRt5GxbeZ5qBuJr+HyLYkjQ==}

  picomatch@2.3.1:
    resolution: {integrity: sha512-JU3teHTNjmE2VCGFzuY8EXzCDVwEqB2a8fsIvwaStHhAWJEeVd1o1QD80CU6+ZdEXXSLbSsuLwJjkCBWqRQUVA==}
    engines: {node: '>=8.6'}

  playwright-core@1.28.1:
    resolution: {integrity: sha512-3PixLnGPno0E8rSBJjtwqTwJe3Yw72QwBBBxNoukIj3lEeBNXwbNiKrNuB1oyQgTBw5QHUhNO3SteEtHaMK6ag==}
    engines: {node: '>=14'}
    hasBin: true

  playwright@1.28.1:
    resolution: {integrity: sha512-92Sz6XBlfHlb9tK5UCDzIFAuIkHHpemA9zwUaqvo+w7sFMSmVMGmvKcbptof/eJObq63PGnMhM75x7qxhTR78Q==}
    engines: {node: '>=14'}
    hasBin: true

  postcss@8.4.23:
    resolution: {integrity: sha512-bQ3qMcpF6A/YjR55xtoTr0jGOlnPOKAIMdOWiv0EIT6HVPEaJiJB4NLljSbiHoC2RX7DN5Uvjtpbg1NPdwv1oA==}
    engines: {node: ^10 || ^12 || >=14}

  prosemirror-changeset@2.2.1:
    resolution: {integrity: sha512-J7msc6wbxB4ekDFj+n9gTW/jav/p53kdlivvuppHsrZXCaQdVgRghoZbSS3kwrRyAstRVQ4/+u5k7YfLgkkQvQ==}

  prosemirror-collab@1.3.1:
    resolution: {integrity: sha512-4SnynYR9TTYaQVXd/ieUvsVV4PDMBzrq2xPUWutHivDuOshZXqQ5rGbZM84HEaXKbLdItse7weMGOUdDVcLKEQ==}

  prosemirror-commands@1.5.2:
    resolution: {integrity: sha512-hgLcPaakxH8tu6YvVAaILV2tXYsW3rAdDR8WNkeKGcgeMVQg3/TMhPdVoh7iAmfgVjZGtcOSjKiQaoeKjzd2mQ==}

  prosemirror-dropcursor@1.8.1:
    resolution: {integrity: sha512-M30WJdJZLyXHi3N8vxN6Zh5O8ZBbQCz0gURTfPmTIBNQ5pxrdU7A58QkNqfa98YEjSAL1HUyyU34f6Pm5xBSGw==}

  prosemirror-gapcursor@1.3.2:
    resolution: {integrity: sha512-wtjswVBd2vaQRrnYZaBCbyDqr232Ed4p2QPtRIUK5FuqHYKGWkEwl08oQM4Tw7DOR0FsasARV5uJFvMZWxdNxQ==}

  prosemirror-history@1.4.0:
    resolution: {integrity: sha512-UUiGzDVcqo1lovOPdi9YxxUps3oBFWAIYkXLu3Ot+JPv1qzVogRbcizxK3LhHmtaUxclohgiOVesRw5QSlMnbQ==}

  prosemirror-inputrules@1.4.0:
    resolution: {integrity: sha512-6ygpPRuTJ2lcOXs9JkefieMst63wVJBgHZGl5QOytN7oSZs3Co/BYbc3Yx9zm9H37Bxw8kVzCnDsihsVsL4yEg==}

  prosemirror-keymap@1.2.2:
    resolution: {integrity: sha512-EAlXoksqC6Vbocqc0GtzCruZEzYgrn+iiGnNjsJsH4mrnIGex4qbLdWWNza3AW5W36ZRrlBID0eM6bdKH4OStQ==}

  prosemirror-markdown@1.12.0:
    resolution: {integrity: sha512-6F5HS8Z0HDYiS2VQDZzfZP6A0s/I0gbkJy8NCzzDMtcsz3qrfqyroMMeoSjAmOhDITyon11NbXSzztfKi+frSQ==}

  prosemirror-menu@1.2.4:
    resolution: {integrity: sha512-S/bXlc0ODQup6aiBbWVsX/eM+xJgCTAfMq/nLqaO5ID/am4wS0tTCIkzwytmao7ypEtjj39i7YbJjAgO20mIqA==}

  prosemirror-model@1.21.0:
    resolution: {integrity: sha512-zLpS1mVCZLA7VTp82P+BfMiYVPcX1/z0Mf3gsjKZtzMWubwn2pN7CceMV0DycjlgE5JeXPR7UF4hJPbBV98oWA==}

  prosemirror-schema-basic@1.2.2:
    resolution: {integrity: sha512-/dT4JFEGyO7QnNTe9UaKUhjDXbTNkiWTq/N4VpKaF79bBjSExVV2NXmJpcM7z/gD7mbqNjxbmWW5nf1iNSSGnw==}

  prosemirror-schema-list@1.3.0:
    resolution: {integrity: sha512-Hz/7gM4skaaYfRPNgr421CU4GSwotmEwBVvJh5ltGiffUJwm7C8GfN/Bc6DR1EKEp5pDKhODmdXXyi9uIsZl5A==}

  prosemirror-state@1.4.3:
    resolution: {integrity: sha512-goFKORVbvPuAQaXhpbemJFRKJ2aixr+AZMGiquiqKxaucC6hlpHNZHWgz5R7dS4roHiwq9vDctE//CZ++o0W1Q==}

  prosemirror-tables@1.3.7:
    resolution: {integrity: sha512-oEwX1wrziuxMtwFvdDWSFHVUWrFJWt929kVVfHvtTi8yvw+5ppxjXZkMG/fuTdFo+3DXyIPSKfid+Be1npKXDA==}

  prosemirror-trailing-node@2.0.8:
    resolution: {integrity: sha512-ujRYhSuhQb1Jsarh1IHqb2KoSnRiD7wAMDGucP35DN7j5af6X7B18PfdPIrbwsPTqIAj0fyOvxbuPsWhNvylmA==}
    peerDependencies:
      prosemirror-model: ^1.19.0
      prosemirror-state: ^1.4.2
      prosemirror-view: ~1.28.0

  prosemirror-transform@1.9.0:
    resolution: {integrity: sha512-5UXkr1LIRx3jmpXXNKDhv8OyAOeLTGuXNwdVfg8x27uASna/wQkr9p6fD3eupGOi4PLJfbezxTyi/7fSJypXHg==}

  prosemirror-view@1.28.3:
    resolution: {integrity: sha512-YnJxLRzIaCNEt3VKiy+PBxtpwsCbjrfiBKIgHJeqbKhdeP8bU2qL4ngdGmxp9K4+06cZG5bE9vipuhP+KUl+BQ==}

  prr@1.0.1:
    resolution: {integrity: sha512-yPw4Sng1gWghHQWj0B3ZggWUm4qVbPwPFcRG8KyxiU7J2OHFSoEHKS+EZ3fv5l1t9CyCiop6l/ZYeWbrgoQejw==}

  punycode.js@2.3.1:
    resolution: {integrity: sha512-uxFIHU0YlHYhDQtV4R9J6a52SLx28BCjT+4ieh7IGbgwVJWO+km431c4yRlREUAsAmt/uMjQUyQHNEPf0M39CA==}
    engines: {node: '>=6'}

  queue-microtask@1.2.3:
    resolution: {integrity: sha512-NuaNSa6flKT5JaSYQzJok04JzTL1CA6aGhv5rfLW3PgqA+M2ChpZQnAC8h8i4ZFkBS8X5RqkDBHA7r4hej3K9A==}

  readable-stream@3.6.2:
    resolution: {integrity: sha512-9u/sniCrY3D5WdsERHzHE4G2YCXqoG5FTHUiCC4SIbr6XcLZBY05ya9EKjYek9O5xOAwjGq+1JdGBAS7Q9ScoA==}
    engines: {node: '>= 6'}

  reusify@1.0.4:
    resolution: {integrity: sha512-U9nH88a3fc/ekCF1l0/UP1IosiuIjyTh7hBvXVMHYgVcfGvt897Xguj2UOLDeI5BG2m7/uwyaLVT6fbtCwTyzw==}
    engines: {iojs: '>=1.0.0', node: '>=0.10.0'}

  rollup@3.21.3:
    resolution: {integrity: sha512-VnPfEG51nIv2xPLnZaekkuN06q9ZbnyDcLkaBdJa/W7UddyhOfMP2yOPziYQfeY7k++fZM8FdQIummFN5y14kA==}
    engines: {node: '>=14.18.0', npm: '>=8.0.0'}
    hasBin: true

  rope-sequence@1.3.4:
    resolution: {integrity: sha512-UT5EDe2cu2E/6O4igUr5PSFs23nvvukicWHx6GnOPlHAiiYbzNuCRQCuiUdHJQcqKalLKlrYJnjY0ySGsXNQXQ==}

  run-parallel@1.2.0:
    resolution: {integrity: sha512-5l4VyZR86LZ/lDxZTR6jqL8AFE2S0IFLMP26AbjsLVADxHdhB/c0GUsH+y39UfCi3dzz8OlQuPmnaJOMoDHQBA==}

  safe-buffer@5.2.1:
    resolution: {integrity: sha512-rp3So07KcdmmKbGvgaNxQSJr7bGVSVk5S9Eq1F+ppbRo70+YeaDxkw5Dd8NPN+GD6bjnYm2VuPuCXmpuYvmCXQ==}

  source-map-js@1.0.2:
    resolution: {integrity: sha512-R0XvVJ9WusLiqTCEiGCmICCMplcCkIwwR11mOSD9CR5u+IXYdiseeEuXCVAjS54zqwkLcPNnmU4OeJ6tUrWhDw==}
    engines: {node: '>=0.10.0'}

  spark-md5@3.0.2:
    resolution: {integrity: sha512-wcFzz9cDfbuqe0FZzfi2or1sgyIrsDwmPwfZC4hiNidPdPINjeUwNfv5kldczoEAcjl9Y1L3SM7Uz2PUEQzxQw==}

  string_decoder@1.3.0:
    resolution: {integrity: sha512-hkRX8U1WjJFd8LsDJ2yQ/wWWxaopEsABU1XfkM8A+j0+85JAGppt16cr1Whg6KIbb4okU6Mql6BOj+uup/wKeA==}

  to-regex-range@5.0.1:
    resolution: {integrity: sha512-65P7iz6X5yEr1cwcgvQxbbIw7Uk3gOy5dIdtZ4rDveLqhrdJP+Li/Hx6tyK0NEb+2GCyneCMJiGqrADCSNk8sQ==}
    engines: {node: '>=8.0'}

  trix@2.0.5:
    resolution: {integrity: sha512-OiCbDf17F7JahEwhyL1MvK9DxAAT1vkaW5sn+zpwfemZAcc4RfQB4ku18/1mKP58LRwBhjcy+6TBho7ciXz52Q==}

  uc.micro@2.1.0:
    resolution: {integrity: sha512-ARDJmphmdvUk6Glw7y9DQ2bFkKBHwQHLi2lsaH6PPmz/Ka9sFOBsBluozhDltWmnv9u/cF6Rt87znRTPV+yp/A==}

  undici-types@5.26.5:
    resolution: {integrity: sha512-JlCMO+ehdEIKqlFxk6IfVoAUVmgz7cU7zD/h9XZ0qzeosSHmUJVOzSQvvYSYWXkFXC+IfLKSIffhv0sVZup6pA==}

  util-deprecate@1.0.2:
    resolution: {integrity: sha512-EPD5q1uXyFxJpCrLnCc1nHnq3gOa6DZBocAIiI2TaSCA7VCJ1UJDMagCzIkXNsUYfD1daK//LTEQ8xiIbrHtcw==}

  vite-plugin-ruby@3.2.2:
    resolution: {integrity: sha512-cuHG1MajRWPR8YdfF6lvgsQRnKFEBRwZF//asFbRiI1psacxB5aPlHSvYZYxAu5IflrAa0MdR0HxEq+g98M3iQ==}
    peerDependencies:
      vite: '>=4.0.0'

  vite@4.3.4:
    resolution: {integrity: sha512-f90aqGBoxSFxWph2b39ae2uHAxm5jFBBdnfueNxZAT1FTpM13ccFQExCaKbR2xFW5atowjleRniQ7onjJ22QEg==}
    engines: {node: ^14.18.0 || >=16.0.0}
    hasBin: true
    peerDependencies:
      '@types/node': '>= 14'
      less: '*'
      sass: '*'
      stylus: '*'
      sugarss: '*'
      terser: ^5.4.0
    peerDependenciesMeta:
      '@types/node':
        optional: true
      less:
        optional: true
      sass:
        optional: true
      stylus:
        optional: true
      sugarss:
        optional: true
      terser:
        optional: true

  w3c-keyname@2.2.8:
    resolution: {integrity: sha512-dpojBhNsCNN7T82Tm7k26A6G9ML3NkhDsnw9n/eoxSRlVBB4CEtIQ/KTCLI2Fwf3ataSXRhYFkQi3SlnFwPvPQ==}

  ws@6.2.2:
    resolution: {integrity: sha512-zmhltoSR8u1cnDsD43TX59mzoMZsLKqUweyYBAIvTngR3shc0W6aOZylZmq/7hqyVxPdi+5Ud2QInblgyE72fw==}
    peerDependencies:
      bufferutil: ^4.0.1
      utf-8-validate: ^5.0.2
    peerDependenciesMeta:
      bufferutil:
        optional: true
      utf-8-validate:
        optional: true

  xtend@4.0.2:
    resolution: {integrity: sha512-LKYU1iAXJXUgAXn9URjiu+MWhyUXHsvfp7mcuYm9dSUKK0/CjtrUwFAxD82/mCWbtLsGjFIad0wIsod4zrTAEQ==}
    engines: {node: '>=0.4'}

  y-leveldb@0.1.2:
    resolution: {integrity: sha512-6ulEn5AXfXJYi89rXPEg2mMHAyyw8+ZfeMMdOtBbV8FJpQ1NOrcgi6DTAcXof0dap84NjHPT2+9d0rb6cFsjEg==}
    peerDependencies:
      yjs: ^13.0.0

  y-prosemirror@1.2.5:
    resolution: {integrity: sha512-T/JATxC8P2Dbvq/dAiaiztD1a8KEwRP8oLRlT8YlaZdNlLGE1Ea0IJ8If25UlDYmk+4+uqLbqT/S+dzUmwwgbA==}
    engines: {node: '>=16.0.0', npm: '>=8.0.0'}
    peerDependencies:
      prosemirror-model: ^1.7.1
      prosemirror-state: ^1.2.3
      prosemirror-view: ~1.28.0
      y-protocols: ^1.0.1
      yjs: ^13.5.38

  y-protocols@1.0.6:
    resolution: {integrity: sha512-vHRF2L6iT3rwj1jub/K5tYcTT/mEYDUppgNPXwp8fmLpui9f7Yeq3OEtTLVF012j39QnV+KEQpNqoN7CWU7Y9Q==}
    engines: {node: '>=16.0.0', npm: '>=8.0.0'}
    peerDependencies:
      yjs: ^13.0.0

  y-websocket@1.5.0:
    resolution: {integrity: sha512-A8AO6XtnQlYwWFytWdkDCeXg4l8ghRTIw5h2YUgUYDmEC9ugWGIwYNW80yadhSFAF7CvuWTEkQNEpevnH6EiZw==}
    hasBin: true
    peerDependencies:
      yjs: ^13.5.6

  yjs@13.6.15:
    resolution: {integrity: sha512-moFv4uNYhp8BFxIk3AkpoAnnjts7gwdpiG8RtyFiKbMtxKCS0zVZ5wPaaGpwC3V2N/K8TK8MwtSI3+WO9CHWjQ==}
    engines: {node: '>=16.0.0', npm: '>=8.0.0'}

snapshots:

  '@esbuild/android-arm64@0.17.18':
    optional: true

  '@esbuild/android-arm@0.17.18':
    optional: true

  '@esbuild/android-x64@0.17.18':
    optional: true

  '@esbuild/darwin-arm64@0.17.18':
    optional: true

  '@esbuild/darwin-x64@0.17.18':
    optional: true

  '@esbuild/freebsd-arm64@0.17.18':
    optional: true

  '@esbuild/freebsd-x64@0.17.18':
    optional: true

  '@esbuild/linux-arm64@0.17.18':
    optional: true

  '@esbuild/linux-arm@0.17.18':
    optional: true

  '@esbuild/linux-ia32@0.17.18':
    optional: true

  '@esbuild/linux-loong64@0.17.18':
    optional: true

  '@esbuild/linux-mips64el@0.17.18':
    optional: true

  '@esbuild/linux-ppc64@0.17.18':
    optional: true

  '@esbuild/linux-riscv64@0.17.18':
    optional: true

  '@esbuild/linux-s390x@0.17.18':
    optional: true

  '@esbuild/linux-x64@0.17.18':
    optional: true

  '@esbuild/netbsd-x64@0.17.18':
    optional: true

  '@esbuild/openbsd-x64@0.17.18':
    optional: true

  '@esbuild/sunos-x64@0.17.18':
    optional: true

  '@esbuild/win32-arm64@0.17.18':
    optional: true

  '@esbuild/win32-ia32@0.17.18':
    optional: true

  '@esbuild/win32-x64@0.17.18':
    optional: true

  '@hotwired/stimulus@3.2.1': {}

  '@hotwired/turbo@7.3.0': {}

  '@nodelib/fs.scandir@2.1.5':
    dependencies:
      '@nodelib/fs.stat': 2.0.5
      run-parallel: 1.2.0

  '@nodelib/fs.stat@2.0.5': {}

  '@nodelib/fs.walk@1.2.8':
    dependencies:
      '@nodelib/fs.scandir': 2.1.5
      fastq: 1.15.0

  '@playwright/test@1.28.1':
    dependencies:
      '@types/node': 20.12.12
      playwright-core: 1.28.1

  '@rails/actioncable@7.0.4': {}

  '@rails/actiontext@7.0.4(trix@2.0.5)':
    dependencies:
      '@rails/activestorage': 7.0.4
      trix: 2.0.5

  '@rails/activestorage@7.0.4':
    dependencies:
      spark-md5: 3.0.2

  '@remirror/core-constants@2.0.2': {}

  '@tiptap/core@2.4.0(@tiptap/pm@2.4.0)':
    dependencies:
      '@tiptap/pm': 2.4.0

  '@tiptap/extension-collaboration-cursor@2.4.0(@tiptap/core@2.4.0(@tiptap/pm@2.4.0))(y-prosemirror@1.2.5(prosemirror-model@1.21.0)(prosemirror-state@1.4.3)(prosemirror-view@1.28.3)(y-protocols@1.0.6(yjs@13.6.15))(yjs@13.6.15))':
    dependencies:
      '@tiptap/core': 2.4.0(@tiptap/pm@2.4.0)
      y-prosemirror: 1.2.5(prosemirror-model@1.21.0)(prosemirror-state@1.4.3)(prosemirror-view@1.28.3)(y-protocols@1.0.6(yjs@13.6.15))(yjs@13.6.15)

  '@tiptap/extension-collaboration@2.4.0(@tiptap/core@2.4.0(@tiptap/pm@2.4.0))(@tiptap/pm@2.4.0)(y-prosemirror@1.2.5(prosemirror-model@1.21.0)(prosemirror-state@1.4.3)(prosemirror-view@1.28.3)(y-protocols@1.0.6(yjs@13.6.15))(yjs@13.6.15))':
    dependencies:
      '@tiptap/core': 2.4.0(@tiptap/pm@2.4.0)
      '@tiptap/pm': 2.4.0
      y-prosemirror: 1.2.5(prosemirror-model@1.21.0)(prosemirror-state@1.4.3)(prosemirror-view@1.28.3)(y-protocols@1.0.6(yjs@13.6.15))(yjs@13.6.15)

  '@tiptap/pm@2.4.0':
    dependencies:
      prosemirror-changeset: 2.2.1
      prosemirror-collab: 1.3.1
      prosemirror-commands: 1.5.2
      prosemirror-dropcursor: 1.8.1
      prosemirror-gapcursor: 1.3.2
      prosemirror-history: 1.4.0
      prosemirror-inputrules: 1.4.0
      prosemirror-keymap: 1.2.2
      prosemirror-markdown: 1.12.0
      prosemirror-menu: 1.2.4
      prosemirror-model: 1.21.0
      prosemirror-schema-basic: 1.2.2
      prosemirror-schema-list: 1.3.0
      prosemirror-state: 1.4.3
      prosemirror-tables: 1.3.7
      prosemirror-trailing-node: 2.0.8(prosemirror-model@1.21.0)(prosemirror-state@1.4.3)(prosemirror-view@1.28.3)
      prosemirror-transform: 1.9.0
      prosemirror-view: 1.28.3

  '@types/node@20.12.12':
    dependencies:
      undici-types: 5.26.5

  '@y-rb/actioncable@0.2.1':
    dependencies:
      lib0: 0.2.94
      y-protocols: 1.0.6(yjs@13.6.15)
      yjs: 13.6.15

  abstract-leveldown@6.2.3:
    dependencies:
      buffer: 5.7.1
      immediate: 3.3.0
      level-concat-iterator: 2.0.1
      level-supports: 1.0.1
      xtend: 4.0.2
    optional: true

  abstract-leveldown@6.3.0:
    dependencies:
      buffer: 5.7.1
      immediate: 3.3.0
      level-concat-iterator: 2.0.1
      level-supports: 1.0.1
      xtend: 4.0.2
    optional: true

  argparse@2.0.1: {}

  async-limiter@1.0.1:
    optional: true

  base64-js@1.5.1:
    optional: true

  braces@3.0.2:
    dependencies:
      fill-range: 7.0.1

  buffer@5.7.1:
    dependencies:
      base64-js: 1.5.1
      ieee754: 1.2.1
    optional: true

  crelt@1.0.6: {}

  debug@4.3.4:
    dependencies:
      ms: 2.1.2

  deferred-leveldown@5.3.0:
    dependencies:
      abstract-leveldown: 6.2.3
      inherits: 2.0.4
    optional: true

  encoding-down@6.3.0:
    dependencies:
      abstract-leveldown: 6.3.0
      inherits: 2.0.4
      level-codec: 9.0.2
      level-errors: 2.0.1
    optional: true

  entities@4.5.0: {}

  errno@0.1.8:
    dependencies:
      prr: 1.0.1
    optional: true

  esbuild@0.17.18:
    optionalDependencies:
      '@esbuild/android-arm': 0.17.18
      '@esbuild/android-arm64': 0.17.18
      '@esbuild/android-x64': 0.17.18
      '@esbuild/darwin-arm64': 0.17.18
      '@esbuild/darwin-x64': 0.17.18
      '@esbuild/freebsd-arm64': 0.17.18
      '@esbuild/freebsd-x64': 0.17.18
      '@esbuild/linux-arm': 0.17.18
      '@esbuild/linux-arm64': 0.17.18
      '@esbuild/linux-ia32': 0.17.18
      '@esbuild/linux-loong64': 0.17.18
      '@esbuild/linux-mips64el': 0.17.18
      '@esbuild/linux-ppc64': 0.17.18
      '@esbuild/linux-riscv64': 0.17.18
      '@esbuild/linux-s390x': 0.17.18
      '@esbuild/linux-x64': 0.17.18
      '@esbuild/netbsd-x64': 0.17.18
      '@esbuild/openbsd-x64': 0.17.18
      '@esbuild/sunos-x64': 0.17.18
      '@esbuild/win32-arm64': 0.17.18
      '@esbuild/win32-ia32': 0.17.18
      '@esbuild/win32-x64': 0.17.18

  escape-string-regexp@4.0.0: {}

  fast-glob@3.2.12:
    dependencies:
      '@nodelib/fs.stat': 2.0.5
      '@nodelib/fs.walk': 1.2.8
      glob-parent: 5.1.2
      merge2: 1.4.1
      micromatch: 4.0.5

  fastq@1.15.0:
    dependencies:
      reusify: 1.0.4

  fill-range@7.0.1:
    dependencies:
      to-regex-range: 5.0.1

  fsevents@2.3.3:
    optional: true

  glob-parent@5.1.2:
    dependencies:
      is-glob: 4.0.3

  ieee754@1.2.1:
    optional: true

  immediate@3.3.0:
    optional: true

  inherits@2.0.4:
    optional: true

  is-extglob@2.1.1: {}

  is-glob@4.0.3:
    dependencies:
      is-extglob: 2.1.1

  is-number@7.0.0: {}

  isomorphic.js@0.2.5: {}

  level-codec@9.0.2:
    dependencies:
      buffer: 5.7.1
    optional: true

  level-concat-iterator@2.0.1:
    optional: true

  level-errors@2.0.1:
    dependencies:
      errno: 0.1.8
    optional: true

  level-iterator-stream@4.0.2:
    dependencies:
      inherits: 2.0.4
      readable-stream: 3.6.2
      xtend: 4.0.2
    optional: true

  level-js@5.0.2:
    dependencies:
      abstract-leveldown: 6.2.3
      buffer: 5.7.1
      inherits: 2.0.4
      ltgt: 2.2.1
    optional: true

  level-packager@5.1.1:
    dependencies:
      encoding-down: 6.3.0
      levelup: 4.4.0
    optional: true

  level-supports@1.0.1:
    dependencies:
      xtend: 4.0.2
    optional: true

  level@6.0.1:
    dependencies:
      level-js: 5.0.2
      level-packager: 5.1.1
      leveldown: 5.6.0
    optional: true

  leveldown@5.6.0:
    dependencies:
      abstract-leveldown: 6.2.3
      napi-macros: 2.0.0
      node-gyp-build: 4.1.1
    optional: true

  levelup@4.4.0:
    dependencies:
      deferred-leveldown: 5.3.0
      level-errors: 2.0.1
      level-iterator-stream: 4.0.2
      level-supports: 1.0.1
      xtend: 4.0.2
    optional: true

  lib0@0.2.94:
    dependencies:
      isomorphic.js: 0.2.5

  linkify-it@5.0.0:
    dependencies:
      uc.micro: 2.1.0

  lodash.debounce@4.0.8: {}

  ltgt@2.2.1:
    optional: true

  markdown-it@14.1.0:
    dependencies:
      argparse: 2.0.1
      entities: 4.5.0
      linkify-it: 5.0.0
      mdurl: 2.0.0
      punycode.js: 2.3.1
      uc.micro: 2.1.0

  mdurl@2.0.0: {}

  merge2@1.4.1: {}

  micromatch@4.0.5:
    dependencies:
      braces: 3.0.2
      picomatch: 2.3.1

  ms@2.1.2: {}

  nanoid@3.3.6: {}

  napi-macros@2.0.0:
    optional: true

  node-gyp-build@4.1.1:
    optional: true

  orderedmap@2.1.1: {}

  picocolors@1.0.0: {}

  picomatch@2.3.1: {}

  playwright-core@1.28.1: {}

  playwright@1.28.1:
    dependencies:
      playwright-core: 1.28.1

  postcss@8.4.23:
    dependencies:
      nanoid: 3.3.6
      picocolors: 1.0.0
      source-map-js: 1.0.2

  prosemirror-changeset@2.2.1:
    dependencies:
      prosemirror-transform: 1.9.0

  prosemirror-collab@1.3.1:
    dependencies:
      prosemirror-state: 1.4.3

  prosemirror-commands@1.5.2:
    dependencies:
      prosemirror-model: 1.21.0
      prosemirror-state: 1.4.3
      prosemirror-transform: 1.9.0

  prosemirror-dropcursor@1.8.1:
    dependencies:
      prosemirror-state: 1.4.3
      prosemirror-transform: 1.9.0
      prosemirror-view: 1.28.3

  prosemirror-gapcursor@1.3.2:
    dependencies:
      prosemirror-keymap: 1.2.2
      prosemirror-model: 1.21.0
      prosemirror-state: 1.4.3
      prosemirror-view: 1.28.3

  prosemirror-history@1.4.0:
    dependencies:
      prosemirror-state: 1.4.3
      prosemirror-transform: 1.9.0
      prosemirror-view: 1.28.3
      rope-sequence: 1.3.4

  prosemirror-inputrules@1.4.0:
    dependencies:
      prosemirror-state: 1.4.3
      prosemirror-transform: 1.9.0

  prosemirror-keymap@1.2.2:
    dependencies:
      prosemirror-state: 1.4.3
      w3c-keyname: 2.2.8

  prosemirror-markdown@1.12.0:
    dependencies:
      markdown-it: 14.1.0
      prosemirror-model: 1.21.0

  prosemirror-menu@1.2.4:
    dependencies:
      crelt: 1.0.6
      prosemirror-commands: 1.5.2
      prosemirror-history: 1.4.0
      prosemirror-state: 1.4.3

  prosemirror-model@1.21.0:
    dependencies:
      orderedmap: 2.1.1

  prosemirror-schema-basic@1.2.2:
    dependencies:
      prosemirror-model: 1.21.0

  prosemirror-schema-list@1.3.0:
    dependencies:
      prosemirror-model: 1.21.0
      prosemirror-state: 1.4.3
      prosemirror-transform: 1.9.0

  prosemirror-state@1.4.3:
    dependencies:
      prosemirror-model: 1.21.0
      prosemirror-transform: 1.9.0
      prosemirror-view: 1.28.3

  prosemirror-tables@1.3.7:
    dependencies:
      prosemirror-keymap: 1.2.2
      prosemirror-model: 1.21.0
      prosemirror-state: 1.4.3
      prosemirror-transform: 1.9.0
      prosemirror-view: 1.28.3

  prosemirror-trailing-node@2.0.8(prosemirror-model@1.21.0)(prosemirror-state@1.4.3)(prosemirror-view@1.28.3):
    dependencies:
      '@remirror/core-constants': 2.0.2
      escape-string-regexp: 4.0.0
      prosemirror-model: 1.21.0
      prosemirror-state: 1.4.3
      prosemirror-view: 1.28.3

  prosemirror-transform@1.9.0:
    dependencies:
      prosemirror-model: 1.21.0

  prosemirror-view@1.28.3:
    dependencies:
      prosemirror-model: 1.21.0
      prosemirror-state: 1.4.3
      prosemirror-transform: 1.9.0

  prr@1.0.1:
    optional: true

  punycode.js@2.3.1: {}

  queue-microtask@1.2.3: {}

  readable-stream@3.6.2:
    dependencies:
      inherits: 2.0.4
      string_decoder: 1.3.0
      util-deprecate: 1.0.2
    optional: true

  reusify@1.0.4: {}

  rollup@3.21.3:
    optionalDependencies:
      fsevents: 2.3.3

  rope-sequence@1.3.4: {}

  run-parallel@1.2.0:
    dependencies:
      queue-microtask: 1.2.3

  safe-buffer@5.2.1:
    optional: true

  source-map-js@1.0.2: {}

  spark-md5@3.0.2: {}

  string_decoder@1.3.0:
    dependencies:
      safe-buffer: 5.2.1
    optional: true

  to-regex-range@5.0.1:
    dependencies:
      is-number: 7.0.0

  trix@2.0.5: {}

  uc.micro@2.1.0: {}

  undici-types@5.26.5: {}

  util-deprecate@1.0.2:
    optional: true

  vite-plugin-ruby@3.2.2(vite@4.3.4(@types/node@20.12.12)):
    dependencies:
      debug: 4.3.4
      fast-glob: 3.2.12
      vite: 4.3.4(@types/node@20.12.12)
    transitivePeerDependencies:
      - supports-color

  vite@4.3.4(@types/node@20.12.12):
    dependencies:
      esbuild: 0.17.18
      postcss: 8.4.23
      rollup: 3.21.3
    optionalDependencies:
      '@types/node': 20.12.12
      fsevents: 2.3.3

  w3c-keyname@2.2.8: {}

  ws@6.2.2:
    dependencies:
      async-limiter: 1.0.1
    optional: true

  xtend@4.0.2:
    optional: true

  y-leveldb@0.1.2(yjs@13.6.15):
    dependencies:
      level: 6.0.1
      lib0: 0.2.94
      yjs: 13.6.15
    optional: true

  y-prosemirror@1.2.5(prosemirror-model@1.21.0)(prosemirror-state@1.4.3)(prosemirror-view@1.28.3)(y-protocols@1.0.6(yjs@13.6.15))(yjs@13.6.15):
    dependencies:
      lib0: 0.2.94
      prosemirror-model: 1.21.0
      prosemirror-state: 1.4.3
      prosemirror-view: 1.28.3
      y-protocols: 1.0.6(yjs@13.6.15)
      yjs: 13.6.15

  y-protocols@1.0.6(yjs@13.6.15):
    dependencies:
      lib0: 0.2.94
      yjs: 13.6.15

  y-websocket@1.5.0(yjs@13.6.15):
    dependencies:
      lib0: 0.2.94
      lodash.debounce: 4.0.8
      y-protocols: 1.0.6(yjs@13.6.15)
      yjs: 13.6.15
    optionalDependencies:
      ws: 6.2.2
      y-leveldb: 0.1.2(yjs@13.6.15)
    transitivePeerDependencies:
      - bufferutil
      - utf-8-validate

  yjs@13.6.15:
    dependencies:
      lib0: 0.2.94
